// !$*UTF8*$!
{
	archiveVersion = 1;
	classes = {
	};
	objectVersion = 46;
	objects = {

/* Begin PBXBuildFile section */
		6377D0C31DBDF4330027C753 /* main.m in Sources */ = {isa = PBXBuildFile; fileRef = 6377D0C21DBDF4330027C753 /* main.m */; };
/* End PBXBuildFile section */

/* Begin PBXCopyFilesBuildPhase section */
		6377D0BD1DBDF4330027C753 /* CopyFiles */ = {
			isa = PBXCopyFilesBuildPhase;
			buildActionMask = 2147483647;
			dstPath = /usr/share/man/man1/;
			dstSubfolderSpec = 0;
			files = (
			);
			runOnlyForDeploymentPostprocessing = 1;
		};
/* End PBXCopyFilesBuildPhase section */

/* Begin PBXFileReference section */
		6377D0BF1DBDF4330027C753 /* SkObjective-C ValidMonth */ = {isa = PBXFileReference; explicitFileType = "compiled.mach-o.executable"; includeInIndex = 0; path = "SkObjective-C ValidMonth"; sourceTree = BUILT_PRODUCTS_DIR; };
		6377D0C21DBDF4330027C753 /* main.m */ = {isa = PBXFileReference; lastKnownFileType = sourcecode.c.objc; path = main.m; sourceTree = "<group>"; };
/* End PBXFileReference section */

/* Begin PBXFrameworksBuildPhase section */
		6377D0BC1DBDF4330027C753 /* Frameworks */ = {
			isa = PBXFrameworksBuildPhase;
			buildActionMask = 2147483647;
			files = (
			);
			runOnlyForDeploymentPostprocessing = 0;
		};
/* End PBXFrameworksBuildPhase section */

/* Begin PBXGroup section */
		6377D0B61DBDF4330027C753 = {
			isa = PBXGroup;
			children = (
				6377D0C11DBDF4330027C753 /* SkObjective-C ValidMonth */,
				6377D0C01DBDF4330027C753 /* Products */,
			);
			sourceTree = "<group>";
		};
		6377D0C01DBDF4330027C753 /* Products */ = {
			isa = PBXGroup;
			children = (
				6377D0BF1DBDF4330027C753 /* SkObjective-C ValidMonth */,
			);
			name = Products;
			sourceTree = "<group>";
		};
		6377D0C11DBDF4330027C753 /* SkObjective-C ValidMonth */ = {
			isa = PBXGroup;
			children = (
				6377D0C21DBDF4330027C753 /* main.m */,
			);
			path = "SkObjective-C ValidMonth";
			sourceTree = "<group>";
		};
/* End PBXGroup section */

/* Begin PBXNativeTarget section */
		6377D0BE1DBDF4330027C753 /* SkObjective-C ValidMonth */ = {
			isa = PBXNativeTarget;
			buildConfigurationList = 6377D0C61DBDF4330027C753 /* Build configuration list for PBXNativeTarget "SkObjective-C ValidMonth" */;
			buildPhases = (
				6377D0BB1DBDF4330027C753 /* Sources */,
				6377D0BC1DBDF4330027C753 /* Frameworks */,
				6377D0BD1DBDF4330027C753 /* CopyFiles */,
			);
			buildRules = (
			);
			dependencies = (
			);
			name = "SkObjective-C ValidMonth";
			productName = "SkObjective-C ValidMonth";
			productReference = 6377D0BF1DBDF4330027C753 /* SkObjective-C ValidMonth */;
			productType = "com.apple.product-type.tool";
		};
/* End PBXNativeTarget section */

/* Begin PBXProject section */
		6377D0B71DBDF4330027C753 /* Project object */ = {
			isa = PBXProject;
			attributes = {
				LastUpgradeCheck = 0730;
				ORGANIZATIONNAME = "Siddharth Koshiyar";
				TargetAttributes = {
					6377D0BE1DBDF4330027C753 = {
						CreatedOnToolsVersion = 7.3.1;
					};
				};
			};
			buildConfigurationList = 6377D0BA1DBDF4330027C753 /* Build configuration list for PBXProject "SkObjective-C ValidMonth" */;
			compatibilityVersion = "Xcode 3.2";
			developmentRegion = English;
			hasScannedForEncodings = 0;
			knownRegions = (
				en,
			);
			mainGroup = 6377D0B61DBDF4330027C753;
			productRefGroup = 6377D0C01DBDF4330027C753 /* Products */;
			projectDirPath = "";
			projectRoot = "";
			targets = (
				6377D0BE1DBDF4330027C753 /* SkObjective-C ValidMonth */,
			);
		};
/* End PBXProject section */

/* Begin PBXSourcesBuildPhase section */
		6377D0BB1DBDF4330027C753 /* Sources */ = {
			isa = PBXSourcesBuildPhase;
			buildActionMask = 2147483647;
			files = (
				6377D0C31DBDF4330027C753 /* main.m in Sources */,
			);
			runOnlyForDeploymentPostprocessing = 0;
		};
/* End PBXSourcesBuildPhase section */

/* Begin XCBuildConfiguration section */
		6377D0C41DBDF4330027C753 /* Debug */ = {
			isa = XCBuildConfiguration;
			buildSettings = {
				ALWAYS_SEARCH_USER_PATHS = NO;
				CLANG_ANALYZER_NONNULL = YES;
				CLANG_CXX_LANGUAGE_STANDARD = "gnu++0x";
				CLANG_CXX_LIBRARY = "libc++";
				CLANG_ENABLE_MODULES = YES;
				CLANG_ENABLE_OBJC_ARC = YES;
				CLANG_WARN_BOOL_CONVERSION = YES;
				CLANG_WARN_CONSTANT_CONVERSION = YES;
				CLANG_WARN_DIRECT_OBJC_ISA_USAGE = YES_ERROR;
				CLANG_WARN_EMPTY_BODY = YES;
				CLANG_WARN_ENUM_CONVERSION = YES;
				CLANG_WARN_INT_CONVERSION = YES;
				CLANG_WARN_OBJC_ROOT_CLASS = YES_ERROR;
				CLANG_WARN_UNREACHABLE_CODE = YES;
				CLANG_WARN__DUPLICATE_METHOD_MATCH = YES;
				CODE_SIGN_IDENTITY = "-";
				COPY_PHASE_STRIP = NO;
				DEBUG_INFORMATION_FORMAT = dwarf;
				ENABLE_STRICT_OBJC_MSGSEND = YES;
				ENABLE_TESTABILITY = YES;
				GCC_C_LANGUAGE_STANDARD = gnu99;
				GCC_DYNAMIC_NO_PIC = NO;
				GCC_NO_COMMON_BLOCKS = YES;
				GCC_OPTIMIZATION_LEVEL = 0;
				GCC_PREPROCESSOR_DEFINITIONS = (
					"DEBUG=1",
					"$(inherited)",
				);
				GCC_WARN_64_TO_32_BIT_CONVERSION = YES;
				GCC_WARN_ABOUT_RETURN_TYPE = YES_ERROR;
				GCC_WARN_UNDECLARED_SELECTOR = YES;
				GCC_WARN_UNINITIALIZED_AUTOS = YES_AGGRESSIVE;
				GCC_WARN_UNUSED_FUNCTION = YES;
				GCC_WARN_UNUSED_VARIABLE = YES;
				MACOSX_DEPLOYMENT_TARGET = 10.11;
				MTL_ENABLE_DEBUG_INFO = YES;
				ONLY_ACTIVE_ARCH = YES;
				SDKROOT = macosx;
			};
			name = Debug;
		};
		6377D0C51DBDF4330027C753 /* Release */ = {
			isa = XCBuildConfiguration;
			buildSettings = {
				ALWAYS_SEARCH_USER_PATHS = NO;
				CLANG_ANALYZER_NONNULL = YES;
				CLANG_CXX_LANGUAGE_STANDARD = "gnu++0x";
				CLANG_CXX_LIBRARY = "libc++";
				CLANG_ENABLE_MODULES = YES;
				CLANG_ENABLE_OBJC_ARC = YES;
				CLANG_WARN_BOOL_CONVERSION = YES;
				CLANG_WARN_CONSTANT_CONVERSION = YES;
				CLANG_WARN_DIRECT_OBJC_ISA_USAGE = YES_ERROR;
				CLANG_WARN_EMPTY_BODY = YES;
				CLANG_WARN_ENUM_CONVERSION = YES;
				CLANG_WARN_INT_CONVERSION = YES;
				CLANG_WARN_OBJC_ROOT_CLASS = YES_ERROR;
				CLANG_WARN_UNREACHABLE_CODE = YES;
				CLANG_WARN__DUPLICATE_METHOD_MATCH = YES;
				CODE_SIGN_IDENTITY = "-";
				COPY_PHASE_STRIP = NO;
				DEBUG_INFORMATION_FORMAT = "dwarf-with-dsym";
				ENABLE_NS_ASSERTIONS = NO;
				ENABLE_STRICT_OBJC_MSGSEND = YES;
				GCC_C_LANGUAGE_STANDARD = gnu99;
				GCC_NO_COMMON_BLOCKS = YES;
				GCC_WARN_64_TO_32_BIT_CONVERSION = YES;
				GCC_WARN_ABOUT_RETURN_TYPE = YES_ERROR;
				GCC_WARN_UNDECLARED_SELECTOR = YES;
				GCC_WARN_UNINITIALIZED_AUTOS = YES_AGGRESSIVE;
				GCC_WARN_UNUSED_FUNCTION = YES;
				GCC_WARN_UNUSED_VARIABLE = YES;
				MACOSX_DEPLOYMENT_TARGET = 10.11;
				MTL_ENABLE_DEBUG_INFO = NO;
				SDKROOT = macosx;
			};
			name = Release;
		};
		6377D0C71DBDF4330027C753 /* Debug */ = {
			isa = XCBuildConfiguration;
			buildSettings = {
				PRODUCT_NAME = "$(TARGET_NAME)";
			};
			name = Debug;
		};
		6377D0C81DBDF4330027C753 /* Release */ = {
			isa = XCBuildConfiguration;
			buildSettings = {
				PRODUCT_NAME = "$(TARGET_NAME)";
			};
			name = Release;
		};
/* End XCBuildConfiguration section */

/* Begin XCConfigurationList section */
		6377D0BA1DBDF4330027C753 /* Build configuration list for PBXProject "SkObjective-C ValidMonth" */ = {
			isa = XCConfigurationList;
			buildConfigurations = (
				6377D0C41DBDF4330027C753 /* Debug */,
				6377D0C51DBDF4330027C753 /* Release */,
			);
			defaultConfigurationIsVisible = 0;
			defaultConfigurationName = Release;
		};
		6377D0C61DBDF4330027C753 /* Build configuration list for PBXNativeTarget "SkObjective-C ValidMonth" */ = {
			isa = XCConfigurationList;
			buildConfigurations = (
				6377D0C71DBDF4330027C753 /* Debug */,
				6377D0C81DBDF4330027C753 /* Release */,
			);
			defaultConfigurationIsVisible = 0;
		};
/* End XCConfigurationList section */
	};
	rootObject = 6377D0B71DBDF4330027C753 /* Project object */;
}
